
Microsoft Visual Studio Solution File, Format Version 12.00
# Visual Studio Version 17
VisualStudioVersion = 17.14.36414.22
MinimumVisualStudioVersion = 10.0.40219.1
Project("{FAE04EC0-301F-11D3-BF4B-00C04F79EFBC}") = "boxes.Backend", "boxes.Backend\boxes.Backend.csproj", "{7B07A4D8-13AB-493A-AD97-2FA78AD5A1E2}"
EndProject
Project("{FAE04EC0-301F-11D3-BF4B-00C04F79EFBC}") = "Boxes.Shared", "Boxes.Shared\Boxes.Shared.csproj", "{51E3A8E2-E9EB-445B-8F93-CE63440E07CD}"
EndProject
Project("{FAE04EC0-301F-11D3-BF4B-00C04F79EFBC}") = "Boxes.Frontend", "Boxes.Frontend\Boxes.Frontend.csproj", "{84FC59B3-A2D8-EBF2-F310-E3A392D2B350}"
EndProject
Global
	GlobalSection(SolutionConfigurationPlatforms) = preSolution
		Debug|Any CPU = Debug|Any CPU
		Release|Any CPU = Release|Any CPU
	EndGlobalSection
	GlobalSection(ProjectConfigurationPlatforms) = postSolution
		{7B07A4D8-13AB-493A-AD97-2FA78AD5A1E2}.Debug|Any CPU.ActiveCfg = Debug|Any CPU
		{7B07A4D8-13AB-493A-AD97-2FA78AD5A1E2}.Debug|Any CPU.Build.0 = Debug|Any CPU
		{7B07A4D8-13AB-493A-AD97-2FA78AD5A1E2}.Release|Any CPU.ActiveCfg = Release|Any CPU
		{7B07A4D8-13AB-493A-AD97-2FA78AD5A1E2}.Release|Any CPU.Build.0 = Release|Any CPU
		{51E3A8E2-E9EB-445B-8F93-CE63440E07CD}.Debug|Any CPU.ActiveCfg = Debug|Any CPU
		{51E3A8E2-E9EB-445B-8F93-CE63440E07CD}.Debug|Any CPU.Build.0 = Debug|Any CPU
		{51E3A8E2-E9EB-445B-8F93-CE63440E07CD}.Release|Any CPU.ActiveCfg = Release|Any CPU
		{51E3A8E2-E9EB-445B-8F93-CE63440E07CD}.Release|Any CPU.Build.0 = Release|Any CPU
		{84FC59B3-A2D8-EBF2-F310-E3A392D2B350}.Debug|Any CPU.ActiveCfg = Debug|Any CPU
		{84FC59B3-A2D8-EBF2-F310-E3A392D2B350}.Debug|Any CPU.Build.0 = Debug|Any CPU
		{84FC59B3-A2D8-EBF2-F310-E3A392D2B350}.Release|Any CPU.ActiveCfg = Release|Any CPU
		{84FC59B3-A2D8-EBF2-F310-E3A392D2B350}.Release|Any CPU.Build.0 = Release|Any CPU
	EndGlobalSection
	GlobalSection(SolutionProperties) = preSolution
		HideSolutionNode = FALSE
	EndGlobalSection
	GlobalSection(ExtensibilityGlobals) = postSolution
		SolutionGuid = {DFFE5937-8C8B-4E47-8331-406D70BB4F02}
	EndGlobalSection
EndGlobal
